Microsoft Visual Studio Solution File, Format Version 12.00
# Visual Studio Version 16
VisualStudioVersion = 16.0.29519.87
MinimumVisualStudioVersion = 10.0.40219.1
Project("{9A19103F-16F7-4668-BE54-9A1E7A4F7556}") = "CodeWords", "CodeWords\CodeWords.csproj", "{BFC49AFE-15C7-4067-9331-50AA2397E8FD}"
EndProject
Global
	GlobalSection(SolutionConfigurationPlatforms) = preSolution
		Debug|Any CPU = Debug|Any CPU
		Release|Any CPU = Release|Any CPU
	EndGlobalSection
	GlobalSection(ProjectConfigurationPlatforms) = postSolution
		{BFC49AFE-15C7-4067-9331-50AA2397E8FD}.Debug|Any CPU.ActiveCfg = Debug|Any CPU
		{BFC49AFE-15C7-4067-9331-50AA2397E8FD}.Debug|Any CPU.Build.0 = Debug|Any CPU
		{BFC49AFE-15C7-4067-9331-50AA2397E8FD}.Release|Any CPU.ActiveCfg = Release|Any CPU
		{BFC49AFE-15C7-4067-9331-50AA2397E8FD}.Release|Any CPU.Build.0 = Release|Any CPU
	EndGlobalSection
	GlobalSection(SolutionProperties) = preSolution
		HideSolutionNode = FALSE
	EndGlobalSection
	GlobalSection(ExtensibilityGlobals) = postSolution
		SolutionGuid = {566914D0-0328-470E-8BE1-CD1C9617E312}
	EndGlobalSection
EndGlobal
